{
    "_meta": {
        "hash": {
            "sha256": "594fd9aeb08fe961aad07be6a290c506ffb80765dfdd4a4743d1512ba52767a7"
        },
        "pipfile-spec": 6,
        "requires": {
            "python_version": "3"
        },
        "sources": [
            {
                "name": "pypi",
                "url": "https://pypi.org/simple",
                "verify_ssl": true
            }
        ]
    },
    "default": {
        "async-timeout": {
            "hashes": [
                "sha256:4640d96be84d82d02ed59ea2b7105a0f7b33abe8703703cd0ab0bf87c427522f",
                "sha256:7405140ff1230c310e51dc27b3145b9092d659ce68ff733fb0cefe3ee42be028"
            ],
            "markers": "python_full_version <= '3.11.2'",
            "version": "==4.0.3"
        },
        "brotli": {
            "hashes": [
                "sha256:02177603aaca36e1fd21b091cb742bb3b305a569e2402f1ca38af471777fb019",
                "sha256:11d3283d89af7033236fa4e73ec2cbe743d4f6a81d41bd234f24bf63dde979df",
                "sha256:12effe280b8ebfd389022aa65114e30407540ccb89b177d3fbc9a4f177c4bd5d",
                "sha256:160c78292e98d21e73a4cc7f76a234390e516afcd982fa17e1422f7c6a9ce9c8",
                "sha256:16d528a45c2e1909c2798f27f7bf0a3feec1dc9e50948e738b961618e38b6a7b",
                "sha256:19598ecddd8a212aedb1ffa15763dd52a388518c4550e615aed88dc3753c0f0c",
                "sha256:1c48472a6ba3b113452355b9af0a60da5c2ae60477f8feda8346f8fd48e3e87c",
                "sha256:268fe94547ba25b58ebc724680609c8ee3e5a843202e9a381f6f9c5e8bdb5c70",
                "sha256:269a5743a393c65db46a7bb982644c67ecba4b8d91b392403ad8a861ba6f495f",
                "sha256:26d168aac4aaec9a4394221240e8a5436b5634adc3cd1cdf637f6645cecbf181",
                "sha256:29d1d350178e5225397e28ea1b7aca3648fcbab546d20e7475805437bfb0a130",
                "sha256:2aad0e0baa04517741c9bb5b07586c642302e5fb3e75319cb62087bd0995ab19",
                "sha256:3148362937217b7072cf80a2dcc007f09bb5ecb96dae4617316638194113d5be",
                "sha256:330e3f10cd01da535c70d09c4283ba2df5fb78e915bea0a28becad6e2ac010be",
                "sha256:336b40348269f9b91268378de5ff44dc6fbaa2268194f85177b53463d313842a",
                "sha256:3496fc835370da351d37cada4cf744039616a6db7d13c430035e901443a34daa",
                "sha256:35a3edbe18e876e596553c4007a087f8bcfd538f19bc116917b3c7522fca0429",
                "sha256:3b78a24b5fd13c03ee2b7b86290ed20efdc95da75a3557cc06811764d5ad1126",
                "sha256:3b8b09a16a1950b9ef495a0f8b9d0a87599a9d1f179e2d4ac014b2ec831f87e7",
                "sha256:3c1306004d49b84bd0c4f90457c6f57ad109f5cc6067a9664e12b7b79a9948ad",
                "sha256:3ffaadcaeafe9d30a7e4e1e97ad727e4f5610b9fa2f7551998471e3736738679",
                "sha256:40d15c79f42e0a2c72892bf407979febd9cf91f36f495ffb333d1d04cebb34e4",
                "sha256:44bb8ff420c1d19d91d79d8c3574b8954288bdff0273bf788954064d260d7ab0",
                "sha256:4688c1e42968ba52e57d8670ad2306fe92e0169c6f3af0089be75bbac0c64a3b",
                "sha256:495ba7e49c2db22b046a53b469bbecea802efce200dffb69b93dd47397edc9b6",
                "sha256:4d1b810aa0ed773f81dceda2cc7b403d01057458730e309856356d4ef4188438",
                "sha256:503fa6af7da9f4b5780bb7e4cbe0c639b010f12be85d02c99452825dd0feef3f",
                "sha256:56d027eace784738457437df7331965473f2c0da2c70e1a1f6fdbae5402e0389",
                "sha256:5913a1177fc36e30fcf6dc868ce23b0453952c78c04c266d3149b3d39e1410d6",
                "sha256:5b6ef7d9f9c38292df3690fe3e302b5b530999fa90014853dcd0d6902fb59f26",
                "sha256:5bf37a08493232fbb0f8229f1824b366c2fc1d02d64e7e918af40acd15f3e337",
                "sha256:5cb1e18167792d7d21e21365d7650b72d5081ed476123ff7b8cac7f45189c0c7",
                "sha256:61a7ee1f13ab913897dac7da44a73c6d44d48a4adff42a5701e3239791c96e14",
                "sha256:622a231b08899c864eb87e85f81c75e7b9ce05b001e59bbfbf43d4a71f5f32b2",
                "sha256:68715970f16b6e92c574c30747c95cf8cf62804569647386ff032195dc89a430",
                "sha256:6b2ae9f5f67f89aade1fab0f7fd8f2832501311c363a21579d02defa844d9296",
                "sha256:6c772d6c0a79ac0f414a9f8947cc407e119b8598de7621f39cacadae3cf57d12",
                "sha256:6d847b14f7ea89f6ad3c9e3901d1bc4835f6b390a9c71df999b0162d9bb1e20f",
                "sha256:73fd30d4ce0ea48010564ccee1a26bfe39323fde05cb34b5863455629db61dc7",
                "sha256:76ffebb907bec09ff511bb3acc077695e2c32bc2142819491579a695f77ffd4d",
                "sha256:7bbff90b63328013e1e8cb50650ae0b9bac54ffb4be6104378490193cd60f85a",
                "sha256:7cb81373984cc0e4682f31bc3d6be9026006d96eecd07ea49aafb06897746452",
                "sha256:7ee83d3e3a024a9618e5be64648d6d11c37047ac48adff25f12fa4226cf23d1c",
                "sha256:854c33dad5ba0fbd6ab69185fec8dab89e13cda6b7d191ba111987df74f38761",
                "sha256:85f7912459c67eaab2fb854ed2bc1cc25772b300545fe7ed2dc03954da638649",
                "sha256:87fdccbb6bb589095f413b1e05734ba492c962b4a45a13ff3408fa44ffe6479b",
                "sha256:88c63a1b55f352b02c6ffd24b15ead9fc0e8bf781dbe070213039324922a2eea",
                "sha256:8a674ac10e0a87b683f4fa2b6fa41090edfd686a6524bd8dedbd6138b309175c",
                "sha256:8ed6a5b3d23ecc00ea02e1ed8e0ff9a08f4fc87a1f58a2530e71c0f48adf882f",
                "sha256:93130612b837103e15ac3f9cbacb4613f9e348b58b3aad53721d92e57f96d46a",
                "sha256:9744a863b489c79a73aba014df554b0e7a0fc44ef3f8a0ef2a52919c7d155031",
                "sha256:9749a124280a0ada4187a6cfd1ffd35c350fb3af79c706589d98e088c5044267",
                "sha256:97f715cf371b16ac88b8c19da00029804e20e25f30d80203417255d239f228b5",
                "sha256:9bf919756d25e4114ace16a8ce91eb340eb57a08e2c6950c3cebcbe3dff2a5e7",
                "sha256:9d12cf2851759b8de8ca5fde36a59c08210a97ffca0eb94c532ce7b17c6a3d1d",
                "sha256:9ed4c92a0665002ff8ea852353aeb60d9141eb04109e88928026d3c8a9e5433c",
                "sha256:a72661af47119a80d82fa583b554095308d6a4c356b2a554fdc2799bc19f2a43",
                "sha256:afde17ae04d90fbe53afb628f7f2d4ca022797aa093e809de5c3cf276f61bbfa",
                "sha256:b1375b5d17d6145c798661b67e4ae9d5496920d9265e2f00f1c2c0b5ae91fbde",
                "sha256:b336c5e9cf03c7be40c47b5fd694c43c9f1358a80ba384a21969e0b4e66a9b17",
                "sha256:b3523f51818e8f16599613edddb1ff924eeb4b53ab7e7197f85cbc321cdca32f",
                "sha256:b43775532a5904bc938f9c15b77c613cb6ad6fb30990f3b0afaea82797a402d8",
                "sha256:b663f1e02de5d0573610756398e44c130add0eb9a3fc912a09665332942a2efb",
                "sha256:b83bb06a0192cccf1eb8d0a28672a1b79c74c3a8a5f2619625aeb6f28b3a82bb",
                "sha256:ba72d37e2a924717990f4d7482e8ac88e2ef43fb95491eb6e0d124d77d2a150d",
                "sha256:c2415d9d082152460f2bd4e382a1e85aed233abc92db5a3880da2257dc7daf7b",
                "sha256:c83aa123d56f2e060644427a882a36b3c12db93727ad7a7b9efd7d7f3e9cc2c4",
                "sha256:c8e521a0ce7cf690ca84b8cc2272ddaf9d8a50294fd086da67e517439614c755",
                "sha256:cab1b5964b39607a66adbba01f1c12df2e55ac36c81ec6ed44f2fca44178bf1a",
                "sha256:cb02ed34557afde2d2da68194d12f5719ee96cfb2eacc886352cb73e3808fc5d",
                "sha256:cc0283a406774f465fb45ec7efb66857c09ffefbe49ec20b7882eff6d3c86d3a",
                "sha256:cfc391f4429ee0a9370aa93d812a52e1fee0f37a81861f4fdd1f4fb28e8547c3",
                "sha256:db844eb158a87ccab83e868a762ea8024ae27337fc7ddcbfcddd157f841fdfe7",
                "sha256:defed7ea5f218a9f2336301e6fd379f55c655bea65ba2476346340a0ce6f74a1",
                "sha256:e16eb9541f3dd1a3e92b89005e37b1257b157b7256df0e36bd7b33b50be73bcb",
                "sha256:e1abbeef02962596548382e393f56e4c94acd286bd0c5afba756cffc33670e8a",
                "sha256:e23281b9a08ec338469268f98f194658abfb13658ee98e2b7f85ee9dd06caa91",
                "sha256:e2d9e1cbc1b25e22000328702b014227737756f4b5bf5c485ac1d8091ada078b",
                "sha256:e48f4234f2469ed012a98f4b7874e7f7e173c167bed4934912a29e03167cf6b1",
                "sha256:e4c4e92c14a57c9bd4cb4be678c25369bf7a092d55fd0866f759e425b9660806",
                "sha256:ec1947eabbaf8e0531e8e899fc1d9876c179fc518989461f5d24e2223395a9e3",
                "sha256:f909bbbc433048b499cb9db9e713b5d8d949e8c109a2a548502fb9aa8630f0b1"
            ],
            "index": "pypi",
            "version": "==1.0.9"
        },
        "paho-mqtt": {
            "hashes": [
                "sha256:2a8291c81623aec00372b5a85558a372c747cbca8e9934dfe218638b8eefc26f"
            ],
            "index": "pypi",
            "version": "==1.6.1"
        },
        "pyyaml": {
            "hashes": [
                "sha256:062582fca9fabdd2c8b54a3ef1c978d786e0f6b3a1510e0ac93ef59e0ddae2bc",
                "sha256:1635fd110e8d85d55237ab316b5b011de701ea0f29d07611174a1b42f1444741",
                "sha256:184c5108a2aca3c5b3d3bf9395d50893a7ab82a38004c8f61c258d4428e80206",
                "sha256:18aeb1bf9a78867dc38b259769503436b7c72f7a1f1f4c93ff9a17de54319b27",
                "sha256:1d4c7e777c441b20e32f52bd377e0c409713e8bb1386e1099c2415f26e479595",
                "sha256:1e2722cc9fbb45d9b87631ac70924c11d3a401b2d7f410cc0e3bbf249f2dca62",
                "sha256:1fe35611261b29bd1de0070f0b2f47cb6ff71fa6595c077e42bd0c419fa27b98",
                "sha256:28c119d996beec18c05208a8bd78cbe4007878c6dd15091efb73a30e90539696",
                "sha256:42f8152b8dbc4fe7d96729ec2b99c7097d656dc1213a3229ca5383f973a5ed6d",
                "sha256:4fb147e7a67ef577a588a0e2c17b6db51dda102c71de36f8549b6816a96e1867",
                "sha256:50550eb667afee136e9a77d6dc71ae76a44df8b3e51e41b77f6de2932bfe0f47",
                "sha256:510c9deebc5c0225e8c96813043e62b680ba2f9c50a08d3724c7f28a747d1486",
                "sha256:5773183b6446b2c99bb77e77595dd486303b4faab2b086e7b17bc6bef28865f6",
                "sha256:596106435fa6ad000c2991a98fa58eeb8656ef2325d7e158344fb33864ed87e3",
                "sha256:6965a7bc3cf88e5a1c3bd2e0b5c22f8d677dc88a455344035f03399034eb3007",
                "sha256:69b023b2b4daa7548bcfbd4aa3da05b3a74b772db9e23b982788168117739938",
                "sha256:704219a11b772aea0d8ecd7058d0082713c3562b4e271b849ad7dc4a5c90c13c",
                "sha256:7e07cbde391ba96ab58e532ff4803f79c4129397514e1413a7dc761ccd755735",
                "sha256:81e0b275a9ecc9c0c0c07b4b90ba548307583c125f54d5b6946cfee6360c733d",
                "sha256:9046c58c4395dff28dd494285c82ba00b546adfc7ef001486fbf0324bc174fba",
                "sha256:9eb6caa9a297fc2c2fb8862bc5370d0303ddba53ba97e71f08023b6cd73d16a8",
                "sha256:a0cd17c15d3bb3fa06978b4e8958dcdc6e0174ccea823003a106c7d4d7899ac5",
                "sha256:afd7e57eddb1a54f0f1a974bc4391af8bcce0b444685d936840f125cf046d5bd",
                "sha256:b1275ad35a5d18c62a7220633c913e1b42d44b46ee12554e5fd39c70a243d6a3",
                "sha256:b786eecbdf8499b9ca1d697215862083bd6d2a99965554781d0d8d1ad31e13a0",
                "sha256:ba336e390cd8e4d1739f42dfe9bb83a3cc2e80f567d8805e11b46f4a943f5515",
                "sha256:baa90d3f661d43131ca170712d903e6295d1f7a0f595074f151c0aed377c9b9c",
                "sha256:bc1bf2925a1ecd43da378f4db9e4f799775d6367bdb94671027b73b393a7c42c",
                "sha256:bd4af7373a854424dabd882decdc5579653d7868b8fb26dc7d0e99f823aa5924",
                "sha256:bf07ee2fef7014951eeb99f56f39c9bb4af143d8aa3c21b1677805985307da34",
                "sha256:bfdf460b1736c775f2ba9f6a92bca30bc2095067b8a9d77876d1fad6cc3b4a43",
                "sha256:c8098ddcc2a85b61647b2590f825f3db38891662cfc2fc776415143f599bb859",
                "sha256:d2b04aac4d386b172d5b9692e2d2da8de7bfb6c387fa4f801fbf6fb2e6ba4673",
                "sha256:d858aa552c999bc8a8d57426ed01e40bef403cd8ccdd0fc5f6f04a00414cac2a",
                "sha256:f003ed9ad21d6a4713f0a9b5a7a0a79e08dd0f221aff4525a2be4c346ee60aab",
                "sha256:f22ac1c3cac4dbc50079e965eba2c1058622631e526bd9afd45fedd49ba781fa",
                "sha256:faca3bdcf85b2fc05d06ff3fbc1f83e1391b3e724afa3feba7d13eeab355484c",
                "sha256:fca0e3a251908a499833aa292323f32437106001d436eca0e6e7833256674585",
                "sha256:fd1592b3fdf65fff2ad0004b5e363300ef59ced41c2e6b3a99d4089fa8c5435d",
                "sha256:fd66fc5d0da6d9815ba2cebeb4205f95818ff4b79c3ebe268e75d961704af52f"
            ],
            "index": "pypi",
            "version": "==6.0.1"
        },
        "redis": {
            "hashes": [
                "sha256:06570d0b2d84d46c21defc550afbaada381af82f5b83e5b3777600e05d8e2ed0",
                "sha256:5cea6c0d335c9a7332a460ed8729ceabb4d0c489c7285b0a86dbbf8a017bd120"
            ],
            "index": "pypi",
            "version": "==5.0.0"
        },
        "xxhash": {
            "hashes": [
                "sha256:015a0498bde85364abc53fcc713af962dd4555391929736d9c0ff2c555436a03",
                "sha256:06a484097af32caf1cfffadd60c3ca140c9e52b40a551fb1f6f0fdfd6f7f8977",
                "sha256:0a65131f7f731ecf7e3dd27f09d877aff3000a79a446caaa2c0d8d0ec0bc7186",
                "sha256:0f5d3e4e0937dad05585e9bd772bbdf0ca40cd8b2f54789d7a1f3091b608118c",
                "sha256:156c52eca2b20f9839723bef0b929a290f6c2f1c98ccb24e82f58f96f3c16007",
                "sha256:1e25f6c8c46cf1ed8237f610abb231093a748c97d6c2c092789a7cad7e7ef290",
                "sha256:20e7d0e3488cc0f0dbe360731b7fe32e1f2df46bf2de2db3317d301efb93084c",
                "sha256:23605d7fc67bc7daa0d263b3a26de3375cfcc0b51ab7de5026625415c05b6fed",
                "sha256:2c8e078d0b9f85212801c41bd9eec8122003929686b0ee33360ffbfdf1a189ab",
                "sha256:2d6ce4d3828d79044ed08994e196c20f69c18133ed8a4286afe3e98989adeeac",
                "sha256:3498e72ff2610b049b97bb81d1ea6e7bfa5b7a45efb3f255d77ec2fa2bc91653",
                "sha256:367e03f1484ce471c94e731b98f5e4a05b43e7188b16692998e1cc89fd1159a5",
                "sha256:36a05bf59a515cfb07f3f83373c527fff2ecaa77eaf30c968c788aea582070a1",
                "sha256:3756b44bf247e422a2e47a38f25d03cf4a5ed539fdc2be3c60043e872e6ff13d",
                "sha256:39a947ff02d9a85673f5ce1f6f34059e24c714a797440485bd81b2c3cb69a7ff",
                "sha256:3af8e3bcd630f905efbdfe7a51b51fc1ca3c9dca8b155f841925f3ad41685d41",
                "sha256:3d113b433bc817adf845689a051363777835577858263ec4325d1934fcb7e394",
                "sha256:3f0c92e3fa826425c73acafb31e022a719c85423847a9433d3a9e61e4ac97543",
                "sha256:40fd49ef6964b1c90c0bea63cd184f6d0b36e59144a080e8b3ac2c4c06bf6bf2",
                "sha256:41c8bfd27191928bae6fd2b66872965532267785094a03c0ee5f358d9dba51c2",
                "sha256:427fc60a188e345534f35b0aa76f7640c5ddf0354f1c9ad826a2bc086282982d",
                "sha256:44ff8c673cab50be46784e0aec62aa6f0ca9ea765e2b0690e8945d0cd950dcaf",
                "sha256:48af026a2b1569666da42a478248a1f03f4e2350a34eb661afe3cb45429ca1d7",
                "sha256:499f8a12767dd28b98ab6b7c7da7d294564e4c9024a2aaa5d0b0b98a8bef2f92",
                "sha256:4a4f0645a0ec03b229fb04f2e66bdbcb1ffd341a70d6c86c3ee015ffdcd70fad",
                "sha256:4d1d24d71b6209bc0124286932c4f0660c1103cb996fe34cb374bc12ac251940",
                "sha256:4dabda7f42c548f98d8e07e390bda2953fc58302c0e07ded7b3fe0637e7ecd2f",
                "sha256:546a0bb8e5a657cadf0da290b30ccd561cb89c256a5421ab8d5eb12eaf087349",
                "sha256:56aacf4bf65f575c0392be958aceff719d850950bb6af7d804b32d4bc293159c",
                "sha256:5afe44da46b48c75169e622a532dca3fe585343c0577cfd7c18ecd3f1200305d",
                "sha256:5ec374d0f1e7d43ef48a4ff643600833d7a325ecc6933b4d6ad9282f55751cf7",
                "sha256:61004587a09b5b385e43d95ffe3a76c9d934dfd79ea38272d5c20ddfba8eab8f",
                "sha256:672c60cce1f8026ae32c651f877aa64f342876083a36a4b1ff91bc876aaf0e34",
                "sha256:69550c3c053b8f135ceac97b85dc1b2bc54b7613a966f550f32b43bed81c788a",
                "sha256:6bb6c83d7a65dd3065566c77425ba72df96982174e8ef613d809052d68ae77ab",
                "sha256:6c3809740124bbc777d29e3ae53de24f4c13fd5e62878086a8feadf0dcb654a5",
                "sha256:701b7cefffc25de1b7ddfae6505da70a3b3a11e312c2e2b33b09e180bbceb43d",
                "sha256:70ef7288d1cb1ad16e02d101ea43bb0e392d985d60b9b0035aee80663530960d",
                "sha256:71db8498e329cef3588b0617f762a3fe31d899872e76a68ce2840e35a1318a5b",
                "sha256:73682225faa973ee56743f0fcd36bfcbfec503be258e0e420fb34313f52f1e7b",
                "sha256:7442500fcce71669953ca959682dcd47452bc3f9c95c8d88315874aeabec9f82",
                "sha256:7a8bd6612fb35487e9ab329bb37b3df44f58baf752010dde9282593edbfed7e7",
                "sha256:7cbfde62516435ca198220aff048a8793383cb7047c7b88714a061968bca786d",
                "sha256:80ead7774392efbd95f9f701155048f9ca26cf55133db6f5bb5a0ec69376bda5",
                "sha256:81b7ce050f26fc1daaaa0d24e320815306736d14608e1ba31920e693a7ca9afb",
                "sha256:8af5a687c0fb4357c230eec8a57ca07d3172faa3cb69beb0cbad40672ae6fa4b",
                "sha256:9084e68bedbd665c7e9241a7b597c28f4775edeb3941bf608ecb38732a5f8fb5",
                "sha256:928208dfecc563be59ae91868d1658e78809cb1e6a0bd74960a96c915db6390c",
                "sha256:98779cbe9068dd7734cc3210693894d5cc9b156920e9c336f10fb99f46bebbd8",
                "sha256:98fe771f36ee9d3a1f5741424a956a2ba9651d9508a9f64a024b57f2cf796414",
                "sha256:9fc8736fc3e0c5aad435520873b9d2e27ddcc5a830b07e00e9c4d3a61ded9675",
                "sha256:a4170f3016b621e3200ebfcc18de6f50eb8e8fc1303e16324b1f5625afd51b57",
                "sha256:a9761e425e79d23797fa0bec2d781dbadb9fe5dcc2bf69030855f5e393c3bec8",
                "sha256:ae092f0daaeece2acdd6ec46e2ab307d8d6f22b01ecca14dc6078844dbd88339",
                "sha256:b0004dded9d86f129961326e980420187640fb7ba65a184009429861c1d09df7",
                "sha256:b031395b4b9c3085d9ea1ce89896ab01a65fc63172b2bfda5dd318fefe5e2f93",
                "sha256:b1644f8b8e19a242c3047a089541067248a651038cabb9fcab3c13eb1dfcd757",
                "sha256:b234d08786884f5c8d55dfebb839cfbd846d812e3a052c39ca7e8ce7055fed68",
                "sha256:b2b9051e40b7b649a9a2a38fb223ca6a593d332012df885746b81968948f9435",
                "sha256:b85b63757ade2439c8d7d71842c40d42c0ab3b69279ed02afbd3b1635f7d2b4b",
                "sha256:b8737c9b3fd944d856faafa92c95f6198649ad57987935b6d965d086938be917",
                "sha256:b8bd31aaad8a80a7302730676cec26bea3ef1fd9835875aa47fea073aca9fe05",
                "sha256:bd1b4531a66da6dde1974662c1fd6fb1a2f27e40542e3df5e5e5dbab8ea4aee7",
                "sha256:bfb9c45d502ab38c0f4edf98a678694ae0f345613ef4900ade98c71f64db4d78",
                "sha256:c3f9e322b1ebeebd44e3d9d2d9b124e0c550c1ef41bd552afdcdd719516ee41a",
                "sha256:c416409646c793c46370f0f1859253302ee70aeda5278c2a0ca41462f8ec1244",
                "sha256:c59f233f38b6a49d5e4ddf16be910a5bbf36a2989b6b2c8591853fb9f5a5e691",
                "sha256:cd96e9cb0e2baa294e6d572207d9731c3bb8e2511f1ff70f2bf17266b4488bd9",
                "sha256:d28c7ef1deb3c3ac5f5290176ca3d501daa97c2e1f7443bf5d8b61ac651794b2",
                "sha256:d49efdce2086c2c506af20ed18a1115b40af7aad6d4ee27cb31d7c810585a3f2",
                "sha256:d72493a14a3e89564b1a6c7400b9b40621e8f4692410706ef27c66aeadc7b431",
                "sha256:d80acb20c7f268fe3150ac0be6a6b798062af56a1795eef855b26c9eae11a99c",
                "sha256:d86b79c707fc7025d967af71db652429a06a8179175e45bd2e9f17b8af6f5949",
                "sha256:da16f9cd62c6fde74683be1b28c28ef865e706da13e3bee4ba836fcc520de0cc",
                "sha256:deebb296df92e082b6d0171a7d6227b503e2897cea4f8bdd3d708094974d4cf6",
                "sha256:dfebc90273ae2beb813d8118a2bfffb5a5a81ac054fbfd061ea18fd0a81db0ac",
                "sha256:e3b9bb5fdbe284c7b61c5d82c76688e52bbaf48ab1e53de98c072cc696fa331f",
                "sha256:e5bfafda019ecc6202af6f3cf08220fa66af9612ba16ef831033ae3ac7bd1f89",
                "sha256:e71100818943422d1fbbe460e7be7fc4f2d2ba9371b2a745eb09e29ef0493f4a",
                "sha256:ed016e278c5c4633270903c7cf3b9dfb0bd293b7335e43fe695cb95541da53c9",
                "sha256:ed04c47dfaab98fcda0b748af9ee6fe8c888a0a0fbd13720e0f0221671e387e1",
                "sha256:f3661decef5f9ff7ab50edbef463bf7dc717621b56755dbae5458a946a033b10",
                "sha256:f399269d20ef1dd910331f9ad49e8510c3ba2aa657b623293b536038f266a5c5",
                "sha256:fe525be0392d493558a2b10d764bcaae9850cc262b417176a8b001f16e085fc6",
                "sha256:fe627de8fe8ddfa8b6477bda4ae5d5843ad1a0c83601dcff72247039465cc901"
            ],
            "index": "pypi",
            "version": "==3.3.0"
        }
    },
    "develop": {}
}
